
Microsoft Visual Studio Solution File, Format Version 12.00
# Visual Studio Version 16
VisualStudioVersion = 16.0.30717.126
MinimumVisualStudioVersion = 10.0.40219.1
Project("{FAE04EC0-301F-11D3-BF4B-00C04F79EFBC}") = "Store", "Store\Store.csproj", "{C0EEBDAA-A756-4515-99F7-C72C164D73FE}"
EndProject
Global
	GlobalSection(SolutionConfigurationPlatforms) = preSolution
		Debug|Any CPU = Debug|Any CPU
		Release|Any CPU = Release|Any CPU
	EndGlobalSection
	GlobalSection(ProjectConfigurationPlatforms) = postSolution
		{C0EEBDAA-A756-4515-99F7-C72C164D73FE}.Debug|Any CPU.ActiveCfg = Debug|Any CPU
		{C0EEBDAA-A756-4515-99F7-C72C164D73FE}.Debug|Any CPU.Build.0 = Debug|Any CPU
		{C0EEBDAA-A756-4515-99F7-C72C164D73FE}.Release|Any CPU.ActiveCfg = Release|Any CPU
		{C0EEBDAA-A756-4515-99F7-C72C164D73FE}.Release|Any CPU.Build.0 = Release|Any CPU
	EndGlobalSection
	GlobalSection(SolutionProperties) = preSolution
		HideSolutionNode = FALSE
	EndGlobalSection
	GlobalSection(ExtensibilityGlobals) = postSolution
		SolutionGuid = {F0459D07-6FFD-4C10-A69E-5F31236A3828}
	EndGlobalSection
EndGlobal
